
Microsoft Visual Studio Solution File, Format Version 12.00
# Visual Studio Version 17
VisualStudioVersion = 17.4.33122.133
MinimumVisualStudioVersion = 10.0.40219.1
Project("{FAE04EC0-301F-11D3-BF4B-00C04F79EFBC}") = "DiplomTyoma", "DiplomTyoma\DiplomTyoma.csproj", "{F3E396A1-8D04-409D-877F-C7271A299A12}"
EndProject
Project("{FAE04EC0-301F-11D3-BF4B-00C04F79EFBC}") = "Repository", "Repository\Repository.csproj", "{7335F5AD-E908-472A-B857-14C9F16BF46A}"
EndProject
Global
	GlobalSection(SolutionConfigurationPlatforms) = preSolution
		Debug|Any CPU = Debug|Any CPU
		Release|Any CPU = Release|Any CPU
	EndGlobalSection
	GlobalSection(ProjectConfigurationPlatforms) = postSolution
		{F3E396A1-8D04-409D-877F-C7271A299A12}.Debug|Any CPU.ActiveCfg = Debug|Any CPU
		{F3E396A1-8D04-409D-877F-C7271A299A12}.Debug|Any CPU.Build.0 = Debug|Any CPU
		{F3E396A1-8D04-409D-877F-C7271A299A12}.Release|Any CPU.ActiveCfg = Release|Any CPU
		{F3E396A1-8D04-409D-877F-C7271A299A12}.Release|Any CPU.Build.0 = Release|Any CPU
		{7335F5AD-E908-472A-B857-14C9F16BF46A}.Debug|Any CPU.ActiveCfg = Debug|Any CPU
		{7335F5AD-E908-472A-B857-14C9F16BF46A}.Debug|Any CPU.Build.0 = Debug|Any CPU
		{7335F5AD-E908-472A-B857-14C9F16BF46A}.Release|Any CPU.ActiveCfg = Release|Any CPU
		{7335F5AD-E908-472A-B857-14C9F16BF46A}.Release|Any CPU.Build.0 = Release|Any CPU
	EndGlobalSection
	GlobalSection(SolutionProperties) = preSolution
		HideSolutionNode = FALSE
	EndGlobalSection
	GlobalSection(ExtensibilityGlobals) = postSolution
		SolutionGuid = {0C80061D-2D61-4D23-ABDD-9563EE26C934}
	EndGlobalSection
EndGlobal
